
Microsoft Visual Studio Solution File, Format Version 12.00
# Visual Studio Version 16
VisualStudioVersion = 16.0.31129.286
MinimumVisualStudioVersion = 10.0.40219.1
Project("{FAE04EC0-301F-11D3-BF4B-00C04F79EFBC}") = "ComServer", "ComTest\ComServer.csproj", "{A9499970-5849-4EC3-B750-0D879435F928}"
EndProject
Project("{FAE04EC0-301F-11D3-BF4B-00C04F79EFBC}") = "ComClient", "ComClient\ComClient.csproj", "{8814847D-7B75-4531-BC83-1ED60AE0A214}"
EndProject
Global
	GlobalSection(SolutionConfigurationPlatforms) = preSolution
		Debug|Any CPU = Debug|Any CPU
		Release|Any CPU = Release|Any CPU
	EndGlobalSection
	GlobalSection(ProjectConfigurationPlatforms) = postSolution
		{A9499970-5849-4EC3-B750-0D879435F928}.Debug|Any CPU.ActiveCfg = Debug|Any CPU
		{A9499970-5849-4EC3-B750-0D879435F928}.Debug|Any CPU.Build.0 = Debug|Any CPU
		{A9499970-5849-4EC3-B750-0D879435F928}.Release|Any CPU.ActiveCfg = Release|Any CPU
		{A9499970-5849-4EC3-B750-0D879435F928}.Release|Any CPU.Build.0 = Release|Any CPU
		{8814847D-7B75-4531-BC83-1ED60AE0A214}.Debug|Any CPU.ActiveCfg = Debug|Any CPU
		{8814847D-7B75-4531-BC83-1ED60AE0A214}.Debug|Any CPU.Build.0 = Debug|Any CPU
		{8814847D-7B75-4531-BC83-1ED60AE0A214}.Release|Any CPU.ActiveCfg = Release|Any CPU
		{8814847D-7B75-4531-BC83-1ED60AE0A214}.Release|Any CPU.Build.0 = Release|Any CPU
	EndGlobalSection
	GlobalSection(SolutionProperties) = preSolution
		HideSolutionNode = FALSE
	EndGlobalSection
	GlobalSection(ExtensibilityGlobals) = postSolution
		SolutionGuid = {12D2883D-4799-4EE9-910C-70C2BC4E90C5}
	EndGlobalSection
EndGlobal
